// !$*UTF8*$!
{
	archiveVersion = 1;
	classes = {
	};
	objectVersion = 46;
	objects = {

/* Begin PBXBuildFile section */
		901F9BE51F19A95E0092F9A2 /* AppDelegate.swift in Sources */ = {isa = PBXBuildFile; fileRef = 901F9BE41F19A95E0092F9A2 /* AppDelegate.swift */; };
		901F9BEA1F19A95E0092F9A2 /* Main.storyboard in Resources */ = {isa = PBXBuildFile; fileRef = 901F9BE81F19A95E0092F9A2 /* Main.storyboard */; };
		901F9BED1F19A95E0092F9A2 /* Colors.xcdatamodeld in Sources */ = {isa = PBXBuildFile; fileRef = 901F9BEB1F19A95E0092F9A2 /* Colors.xcdatamodeld */; };
		901F9BEF1F19A95E0092F9A2 /* Assets.xcassets in Resources */ = {isa = PBXBuildFile; fileRef = 901F9BEE1F19A95E0092F9A2 /* Assets.xcassets */; };
		901F9BF21F19A95E0092F9A2 /* LaunchScreen.storyboard in Resources */ = {isa = PBXBuildFile; fileRef = 901F9BF01F19A95E0092F9A2 /* LaunchScreen.storyboard */; };
		901F9BFD1F19A95E0092F9A2 /* ColorsTests.swift in Sources */ = {isa = PBXBuildFile; fileRef = 901F9BFC1F19A95E0092F9A2 /* ColorsTests.swift */; };
		901F9C081F19A95E0092F9A2 /* ColorsUITests.swift in Sources */ = {isa = PBXBuildFile; fileRef = 901F9C071F19A95E0092F9A2 /* ColorsUITests.swift */; };
		901F9C161F19A9CF0092F9A2 /* ColorsViewController.swift in Sources */ = {isa = PBXBuildFile; fileRef = 901F9C151F19A9CF0092F9A2 /* ColorsViewController.swift */; };
/* End PBXBuildFile section */

/* Begin PBXContainerItemProxy section */
		901F9BF91F19A95E0092F9A2 /* PBXContainerItemProxy */ = {
			isa = PBXContainerItemProxy;
			containerPortal = 901F9BD91F19A95E0092F9A2 /* Project object */;
			proxyType = 1;
			remoteGlobalIDString = 901F9BE01F19A95E0092F9A2;
			remoteInfo = Colors;
		};
		901F9C041F19A95E0092F9A2 /* PBXContainerItemProxy */ = {
			isa = PBXContainerItemProxy;
			containerPortal = 901F9BD91F19A95E0092F9A2 /* Project object */;
			proxyType = 1;
			remoteGlobalIDString = 901F9BE01F19A95E0092F9A2;
			remoteInfo = Colors;
		};
/* End PBXContainerItemProxy section */

/* Begin PBXFileReference section */
		901F9BE11F19A95E0092F9A2 /* Colors.app */ = {isa = PBXFileReference; explicitFileType = wrapper.application; includeInIndex = 0; path = Colors.app; sourceTree = BUILT_PRODUCTS_DIR; };
		901F9BE41F19A95E0092F9A2 /* AppDelegate.swift */ = {isa = PBXFileReference; lastKnownFileType = sourcecode.swift; path = AppDelegate.swift; sourceTree = "<group>"; };
		901F9BE91F19A95E0092F9A2 /* Base */ = {isa = PBXFileReference; lastKnownFileType = file.storyboard; name = Base; path = Base.lproj/Main.storyboard; sourceTree = "<group>"; };
		901F9BEC1F19A95E0092F9A2 /* Colors.xcdatamodel */ = {isa = PBXFileReference; lastKnownFileType = wrapper.xcdatamodel; path = Colors.xcdatamodel; sourceTree = "<group>"; };
		901F9BEE1F19A95E0092F9A2 /* Assets.xcassets */ = {isa = PBXFileReference; lastKnownFileType = folder.assetcatalog; path = Assets.xcassets; sourceTree = "<group>"; };
		901F9BF11F19A95E0092F9A2 /* Base */ = {isa = PBXFileReference; lastKnownFileType = file.storyboard; name = Base; path = Base.lproj/LaunchScreen.storyboard; sourceTree = "<group>"; };
		901F9BF31F19A95E0092F9A2 /* Info.plist */ = {isa = PBXFileReference; lastKnownFileType = text.plist.xml; path = Info.plist; sourceTree = "<group>"; };
		901F9BF81F19A95E0092F9A2 /* ColorsTests.xctest */ = {isa = PBXFileReference; explicitFileType = wrapper.cfbundle; includeInIndex = 0; path = ColorsTests.xctest; sourceTree = BUILT_PRODUCTS_DIR; };
		901F9BFC1F19A95E0092F9A2 /* ColorsTests.swift */ = {isa = PBXFileReference; lastKnownFileType = sourcecode.swift; path = ColorsTests.swift; sourceTree = "<group>"; };
		901F9BFE1F19A95E0092F9A2 /* Info.plist */ = {isa = PBXFileReference; lastKnownFileType = text.plist.xml; path = Info.plist; sourceTree = "<group>"; };
		901F9C031F19A95E0092F9A2 /* ColorsUITests.xctest */ = {isa = PBXFileReference; explicitFileType = wrapper.cfbundle; includeInIndex = 0; path = ColorsUITests.xctest; sourceTree = BUILT_PRODUCTS_DIR; };
		901F9C071F19A95E0092F9A2 /* ColorsUITests.swift */ = {isa = PBXFileReference; lastKnownFileType = sourcecode.swift; path = ColorsUITests.swift; sourceTree = "<group>"; };
		901F9C091F19A95E0092F9A2 /* Info.plist */ = {isa = PBXFileReference; lastKnownFileType = text.plist.xml; path = Info.plist; sourceTree = "<group>"; };
		901F9C151F19A9CF0092F9A2 /* ColorsViewController.swift */ = {isa = PBXFileReference; fileEncoding = 4; lastKnownFileType = sourcecode.swift; path = ColorsViewController.swift; sourceTree = "<group>"; };
/* End PBXFileReference section */

/* Begin PBXFrameworksBuildPhase section */
		901F9BDE1F19A95E0092F9A2 /* Frameworks */ = {
			isa = PBXFrameworksBuildPhase;
			buildActionMask = 2147483647;
			files = (
			);
			runOnlyForDeploymentPostprocessing = 0;
		};
		901F9BF51F19A95E0092F9A2 /* Frameworks */ = {
			isa = PBXFrameworksBuildPhase;
			buildActionMask = 2147483647;
			files = (
			);
			runOnlyForDeploymentPostprocessing = 0;
		};
		901F9C001F19A95E0092F9A2 /* Frameworks */ = {
			isa = PBXFrameworksBuildPhase;
			buildActionMask = 2147483647;
			files = (
			);
			runOnlyForDeploymentPostprocessing = 0;
		};
/* End PBXFrameworksBuildPhase section */

/* Begin PBXGroup section */
		901F9BD81F19A95E0092F9A2 = {
			isa = PBXGroup;
			children = (
				901F9BE31F19A95E0092F9A2 /* Colors */,
				901F9BFB1F19A95E0092F9A2 /* ColorsTests */,
				901F9C061F19A95E0092F9A2 /* ColorsUITests */,
				901F9BE21F19A95E0092F9A2 /* Products */,
			);
			sourceTree = "<group>";
		};
		901F9BE21F19A95E0092F9A2 /* Products */ = {
			isa = PBXGroup;
			children = (
				901F9BE11F19A95E0092F9A2 /* Colors.app */,
				901F9BF81F19A95E0092F9A2 /* ColorsTests.xctest */,
				901F9C031F19A95E0092F9A2 /* ColorsUITests.xctest */,
			);
			name = Products;
			sourceTree = "<group>";
		};
		901F9BE31F19A95E0092F9A2 /* Colors */ = {
			isa = PBXGroup;
			children = (
				901F9BE41F19A95E0092F9A2 /* AppDelegate.swift */,
				901F9BE81F19A95E0092F9A2 /* Main.storyboard */,
				901F9BEE1F19A95E0092F9A2 /* Assets.xcassets */,
				901F9BF01F19A95E0092F9A2 /* LaunchScreen.storyboard */,
				901F9BF31F19A95E0092F9A2 /* Info.plist */,
				901F9BEB1F19A95E0092F9A2 /* Colors.xcdatamodeld */,
				901F9C151F19A9CF0092F9A2 /* ColorsViewController.swift */,
			);
			path = Colors;
			sourceTree = "<group>";
		};
		901F9BFB1F19A95E0092F9A2 /* ColorsTests */ = {
			isa = PBXGroup;
			children = (
				901F9BFC1F19A95E0092F9A2 /* ColorsTests.swift */,
				901F9BFE1F19A95E0092F9A2 /* Info.plist */,
			);
			path = ColorsTests;
			sourceTree = "<group>";
		};
		901F9C061F19A95E0092F9A2 /* ColorsUITests */ = {
			isa = PBXGroup;
			children = (
				901F9C071F19A95E0092F9A2 /* ColorsUITests.swift */,
				901F9C091F19A95E0092F9A2 /* Info.plist */,
			);
			path = ColorsUITests;
			sourceTree = "<group>";
		};
/* End PBXGroup section */

/* Begin PBXNativeTarget section */
		901F9BE01F19A95E0092F9A2 /* Colors */ = {
			isa = PBXNativeTarget;
			buildConfigurationList = 901F9C0C1F19A95E0092F9A2 /* Build configuration list for PBXNativeTarget "Colors" */;
			buildPhases = (
				901F9BDD1F19A95E0092F9A2 /* Sources */,
				901F9BDE1F19A95E0092F9A2 /* Frameworks */,
				901F9BDF1F19A95E0092F9A2 /* Resources */,
			);
			buildRules = (
			);
			dependencies = (
			);
			name = Colors;
			productName = Colors;
			productReference = 901F9BE11F19A95E0092F9A2 /* Colors.app */;
			productType = "com.apple.product-type.application";
		};
		901F9BF71F19A95E0092F9A2 /* ColorsTests */ = {
			isa = PBXNativeTarget;
			buildConfigurationList = 901F9C0F1F19A95E0092F9A2 /* Build configuration list for PBXNativeTarget "ColorsTests" */;
			buildPhases = (
				901F9BF41F19A95E0092F9A2 /* Sources */,
				901F9BF51F19A95E0092F9A2 /* Frameworks */,
				901F9BF61F19A95E0092F9A2 /* Resources */,
			);
			buildRules = (
			);
			dependencies = (
				901F9BFA1F19A95E0092F9A2 /* PBXTargetDependency */,
			);
			name = ColorsTests;
			productName = ColorsTests;
			productReference = 901F9BF81F19A95E0092F9A2 /* ColorsTests.xctest */;
			productType = "com.apple.product-type.bundle.unit-test";
		};
		901F9C021F19A95E0092F9A2 /* ColorsUITests */ = {
			isa = PBXNativeTarget;
			buildConfigurationList = 901F9C121F19A95E0092F9A2 /* Build configuration list for PBXNativeTarget "ColorsUITests" */;
			buildPhases = (
				901F9BFF1F19A95E0092F9A2 /* Sources */,
				901F9C001F19A95E0092F9A2 /* Frameworks */,
				901F9C011F19A95E0092F9A2 /* Resources */,
			);
			buildRules = (
			);
			dependencies = (
				901F9C051F19A95E0092F9A2 /* PBXTargetDependency */,
			);
			name = ColorsUITests;
			productName = ColorsUITests;
			productReference = 901F9C031F19A95E0092F9A2 /* ColorsUITests.xctest */;
			productType = "com.apple.product-type.bundle.ui-testing";
		};
/* End PBXNativeTarget section */

/* Begin PBXProject section */
		901F9BD91F19A95E0092F9A2 /* Project object */ = {
			isa = PBXProject;
			attributes = {
				LastSwiftUpdateCheck = 0830;
				LastUpgradeCheck = 0830;
				ORGANIZATIONNAME = "Ryan Jones";
				TargetAttributes = {
					901F9BE01F19A95E0092F9A2 = {
						CreatedOnToolsVersion = 8.3.3;
						ProvisioningStyle = Automatic;
					};
					901F9BF71F19A95E0092F9A2 = {
						CreatedOnToolsVersion = 8.3.3;
						ProvisioningStyle = Automatic;
						TestTargetID = 901F9BE01F19A95E0092F9A2;
					};
					901F9C021F19A95E0092F9A2 = {
						CreatedOnToolsVersion = 8.3.3;
						ProvisioningStyle = Automatic;
						TestTargetID = 901F9BE01F19A95E0092F9A2;
					};
				};
			};
			buildConfigurationList = 901F9BDC1F19A95E0092F9A2 /* Build configuration list for PBXProject "Colors" */;
			compatibilityVersion = "Xcode 3.2";
			developmentRegion = English;
			hasScannedForEncodings = 0;
			knownRegions = (
				en,
				Base,
			);
			mainGroup = 901F9BD81F19A95E0092F9A2;
			productRefGroup = 901F9BE21F19A95E0092F9A2 /* Products */;
			projectDirPath = "";
			projectRoot = "";
			targets = (
				901F9BE01F19A95E0092F9A2 /* Colors */,
				901F9BF71F19A95E0092F9A2 /* ColorsTests */,
				901F9C021F19A95E0092F9A2 /* ColorsUITests */,
			);
		};
/* End PBXProject section */

/* Begin PBXResourcesBuildPhase section */
		901F9BDF1F19A95E0092F9A2 /* Resources */ = {
			isa = PBXResourcesBuildPhase;
			buildActionMask = 2147483647;
			files = (
				901F9BF21F19A95E0092F9A2 /* LaunchScreen.storyboard in Resources */,
				901F9BEF1F19A95E0092F9A2 /* Assets.xcassets in Resources */,
				901F9BEA1F19A95E0092F9A2 /* Main.storyboard in Resources */,
			);
			runOnlyForDeploymentPostprocessing = 0;
		};
		901F9BF61F19A95E0092F9A2 /* Resources */ = {
			isa = PBXResourcesBuildPhase;
			buildActionMask = 2147483647;
			files = (
			);
			runOnlyForDeploymentPostprocessing = 0;
		};
		901F9C011F19A95E0092F9A2 /* Resources */ = {
			isa = PBXResourcesBuildPhase;
			buildActionMask = 2147483647;
			files = (
			);
			runOnlyForDeploymentPostprocessing = 0;
		};
/* End PBXResourcesBuildPhase section */

/* Begin PBXSourcesBuildPhase section */
		901F9BDD1F19A95E0092F9A2 /* Sources */ = {
			isa = PBXSourcesBuildPhase;
			buildActionMask = 2147483647;
			files = (
				901F9BED1F19A95E0092F9A2 /* Colors.xcdatamodeld in Sources */,
				901F9C161F19A9CF0092F9A2 /* ColorsViewController.swift in Sources */,
				901F9BE51F19A95E0092F9A2 /* AppDelegate.swift in Sources */,
			);
			runOnlyForDeploymentPostprocessing = 0;
		};
		901F9BF41F19A95E0092F9A2 /* Sources */ = {
			isa = PBXSourcesBuildPhase;
			buildActionMask = 2147483647;
			files = (
				901F9BFD1F19A95E0092F9A2 /* ColorsTests.swift in Sources */,
			);
			runOnlyForDeploymentPostprocessing = 0;
		};
		901F9BFF1F19A95E0092F9A2 /* Sources */ = {
			isa = PBXSourcesBuildPhase;
			buildActionMask = 2147483647;
			files = (
				901F9C081F19A95E0092F9A2 /* ColorsUITests.swift in Sources */,
			);
			runOnlyForDeploymentPostprocessing = 0;
		};
/* End PBXSourcesBuildPhase section */

/* Begin PBXTargetDependency section */
		901F9BFA1F19A95E0092F9A2 /* PBXTargetDependency */ = {
			isa = PBXTargetDependency;
			target = 901F9BE01F19A95E0092F9A2 /* Colors */;
			targetProxy = 901F9BF91F19A95E0092F9A2 /* PBXContainerItemProxy */;
		};
		901F9C051F19A95E0092F9A2 /* PBXTargetDependency */ = {
			isa = PBXTargetDependency;
			target = 901F9BE01F19A95E0092F9A2 /* Colors */;
			targetProxy = 901F9C041F19A95E0092F9A2 /* PBXContainerItemProxy */;
		};
/* End PBXTargetDependency section */

/* Begin PBXVariantGroup section */
		901F9BE81F19A95E0092F9A2 /* Main.storyboard */ = {
			isa = PBXVariantGroup;
			children = (
				901F9BE91F19A95E0092F9A2 /* Base */,
			);
			name = Main.storyboard;
			sourceTree = "<group>";
		};
		901F9BF01F19A95E0092F9A2 /* LaunchScreen.storyboard */ = {
			isa = PBXVariantGroup;
			children = (
				901F9BF11F19A95E0092F9A2 /* Base */,
			);
			name = LaunchScreen.storyboard;
			sourceTree = "<group>";
		};
/* End PBXVariantGroup section */

/* Begin XCBuildConfiguration section */
		901F9C0A1F19A95E0092F9A2 /* Debug */ = {
			isa = XCBuildConfiguration;
			buildSettings = {
				ALWAYS_SEARCH_USER_PATHS = NO;
				CLANG_ANALYZER_NONNULL = YES;
				CLANG_ANALYZER_NUMBER_OBJECT_CONVERSION = YES_AGGRESSIVE;
				CLANG_CXX_LANGUAGE_STANDARD = "gnu++0x";
				CLANG_CXX_LIBRARY = "libc++";
				CLANG_ENABLE_MODULES = YES;
				CLANG_ENABLE_OBJC_ARC = YES;
				CLANG_WARN_BOOL_CONVERSION = YES;
				CLANG_WARN_CONSTANT_CONVERSION = YES;
				CLANG_WARN_DIRECT_OBJC_ISA_USAGE = YES_ERROR;
				CLANG_WARN_DOCUMENTATION_COMMENTS = YES;
				CLANG_WARN_EMPTY_BODY = YES;
				CLANG_WARN_ENUM_CONVERSION = YES;
				CLANG_WARN_INFINITE_RECURSION = YES;
				CLANG_WARN_INT_CONVERSION = YES;
				CLANG_WARN_OBJC_ROOT_CLASS = YES_ERROR;
				CLANG_WARN_SUSPICIOUS_MOVE = YES;
				CLANG_WARN_UNREACHABLE_CODE = YES;
				CLANG_WARN__DUPLICATE_METHOD_MATCH = YES;
				"CODE_SIGN_IDENTITY[sdk=iphoneos*]" = "iPhone Developer";
				COPY_PHASE_STRIP = NO;
				DEBUG_INFORMATION_FORMAT = dwarf;
				ENABLE_STRICT_OBJC_MSGSEND = YES;
				ENABLE_TESTABILITY = YES;
				GCC_C_LANGUAGE_STANDARD = gnu99;
				GCC_DYNAMIC_NO_PIC = NO;
				GCC_NO_COMMON_BLOCKS = YES;
				GCC_OPTIMIZATION_LEVEL = 0;
				GCC_PREPROCESSOR_DEFINITIONS = (
					"DEBUG=1",
					"$(inherited)",
				);
				GCC_WARN_64_TO_32_BIT_CONVERSION = YES;
				GCC_WARN_ABOUT_RETURN_TYPE = YES_ERROR;
				GCC_WARN_UNDECLARED_SELECTOR = YES;
				GCC_WARN_UNINITIALIZED_AUTOS = YES_AGGRESSIVE;
				GCC_WARN_UNUSED_FUNCTION = YES;
				GCC_WARN_UNUSED_VARIABLE = YES;
				IPHONEOS_DEPLOYMENT_TARGET = 10.3;
				MTL_ENABLE_DEBUG_INFO = YES;
				ONLY_ACTIVE_ARCH = YES;
				SDKROOT = iphoneos;
				SWIFT_ACTIVE_COMPILATION_CONDITIONS = DEBUG;
				SWIFT_OPTIMIZATION_LEVEL = "-Onone";
				TARGETED_DEVICE_FAMILY = "1,2";
			};
			name = Debug;
		};
		901F9C0B1F19A95E0092F9A2 /* Release */ = {
			isa = XCBuildConfiguration;
			buildSettings = {
				ALWAYS_SEARCH_USER_PATHS = NO;
				CLANG_ANALYZER_NONNULL = YES;
				CLANG_ANALYZER_NUMBER_OBJECT_CONVERSION = YES_AGGRESSIVE;
				CLANG_CXX_LANGUAGE_STANDARD = "gnu++0x";
				CLANG_CXX_LIBRARY = "libc++";
				CLANG_ENABLE_MODULES = YES;
				CLANG_ENABLE_OBJC_ARC = YES;
				CLANG_WARN_BOOL_CONVERSION = YES;
				CLANG_WARN_CONSTANT_CONVERSION = YES;
				CLANG_WARN_DIRECT_OBJC_ISA_USAGE = YES_ERROR;
				CLANG_WARN_DOCUMENTATION_COMMENTS = YES;
				CLANG_WARN_EMPTY_BODY = YES;
				CLANG_WARN_ENUM_CONVERSION = YES;
				CLANG_WARN_INFINITE_RECURSION = YES;
				CLANG_WARN_INT_CONVERSION = YES;
				CLANG_WARN_OBJC_ROOT_CLASS = YES_ERROR;
				CLANG_WARN_SUSPICIOUS_MOVE = YES;
				CLANG_WARN_UNREACHABLE_CODE = YES;
				CLANG_WARN__DUPLICATE_METHOD_MATCH = YES;
				"CODE_SIGN_IDENTITY[sdk=iphoneos*]" = "iPhone Developer";
				COPY_PHASE_STRIP = NO;
				DEBUG_INFORMATION_FORMAT = "dwarf-with-dsym";
				ENABLE_NS_ASSERTIONS = NO;
				ENABLE_STRICT_OBJC_MSGSEND = YES;
				GCC_C_LANGUAGE_STANDARD = gnu99;
				GCC_NO_COMMON_BLOCKS = YES;
				GCC_WARN_64_TO_32_BIT_CONVERSION = YES;
				GCC_WARN_ABOUT_RETURN_TYPE = YES_ERROR;
				GCC_WARN_UNDECLARED_SELECTOR = YES;
				GCC_WARN_UNINITIALIZED_AUTOS = YES_AGGRESSIVE;
				GCC_WARN_UNUSED_FUNCTION = YES;
				GCC_WARN_UNUSED_VARIABLE = YES;
				IPHONEOS_DEPLOYMENT_TARGET = 10.3;
				MTL_ENABLE_DEBUG_INFO = NO;
				SDKROOT = iphoneos;
				SWIFT_OPTIMIZATION_LEVEL = "-Owholemodule";
				TARGETED_DEVICE_FAMILY = "1,2";
				VALIDATE_PRODUCT = YES;
			};
			name = Release;
		};
		901F9C0D1F19A95E0092F9A2 /* Debug */ = {
			isa = XCBuildConfiguration;
			buildSettings = {
				ASSETCATALOG_COMPILER_APPICON_NAME = AppIcon;
				INFOPLIST_FILE = Colors/Info.plist;
				LD_RUNPATH_SEARCH_PATHS = "$(inherited) @executable_path/Frameworks";
				PRODUCT_BUNDLE_IDENTIFIER = edu.missouri.Colors;
				PRODUCT_NAME = "$(TARGET_NAME)";
				SWIFT_VERSION = 3.0;
			};
			name = Debug;
		};
		901F9C0E1F19A95E0092F9A2 /* Release */ = {
			isa = XCBuildConfiguration;
			buildSettings = {
				ASSETCATALOG_COMPILER_APPICON_NAME = AppIcon;
				INFOPLIST_FILE = Colors/Info.plist;
				LD_RUNPATH_SEARCH_PATHS = "$(inherited) @executable_path/Frameworks";
				PRODUCT_BUNDLE_IDENTIFIER = edu.missouri.Colors;
				PRODUCT_NAME = "$(TARGET_NAME)";
				SWIFT_VERSION = 3.0;
			};
			name = Release;
		};
		901F9C101F19A95E0092F9A2 /* Debug */ = {
			isa = XCBuildConfiguration;
			buildSettings = {
				ALWAYS_EMBED_SWIFT_STANDARD_LIBRARIES = YES;
				BUNDLE_LOADER = "$(TEST_HOST)";
				INFOPLIST_FILE = ColorsTests/Info.plist;
				LD_RUNPATH_SEARCH_PATHS = "$(inherited) @executable_path/Frameworks @loader_path/Frameworks";
				PRODUCT_BUNDLE_IDENTIFIER = edu.missouri.ColorsTests;
				PRODUCT_NAME = "$(TARGET_NAME)";
				SWIFT_VERSION = 3.0;
				TEST_HOST = "$(BUILT_PRODUCTS_DIR)/Colors.app/Colors";
			};
			name = Debug;
		};
		901F9C111F19A95E0092F9A2 /* Release */ = {
			isa = XCBuildConfiguration;
			buildSettings = {
				ALWAYS_EMBED_SWIFT_STANDARD_LIBRARIES = YES;
				BUNDLE_LOADER = "$(TEST_HOST)";
				INFOPLIST_FILE = ColorsTests/Info.plist;
				LD_RUNPATH_SEARCH_PATHS = "$(inherited) @executable_path/Frameworks @loader_path/Frameworks";
				PRODUCT_BUNDLE_IDENTIFIER = edu.missouri.ColorsTests;
				PRODUCT_NAME = "$(TARGET_NAME)";
				SWIFT_VERSION = 3.0;
				TEST_HOST = "$(BUILT_PRODUCTS_DIR)/Colors.app/Colors";
			};
			name = Release;
		};
		901F9C131F19A95E0092F9A2 /* Debug */ = {
			isa = XCBuildConfiguration;
			buildSettings = {
				ALWAYS_EMBED_SWIFT_STANDARD_LIBRARIES = YES;
				INFOPLIST_FILE = ColorsUITests/Info.plist;
				LD_RUNPATH_SEARCH_PATHS = "$(inherited) @executable_path/Frameworks @loader_path/Frameworks";
				PRODUCT_BUNDLE_IDENTIFIER = edu.missouri.ColorsUITests;
				PRODUCT_NAME = "$(TARGET_NAME)";
				SWIFT_VERSION = 3.0;
				TEST_TARGET_NAME = Colors;
			};
			name = Debug;
		};
		901F9C141F19A95E0092F9A2 /* Release */ = {
			isa = XCBuildConfiguration;
			buildSettings = {
				ALWAYS_EMBED_SWIFT_STANDARD_LIBRARIES = YES;
				INFOPLIST_FILE = ColorsUITests/Info.plist;
				LD_RUNPATH_SEARCH_PATHS = "$(inherited) @executable_path/Frameworks @loader_path/Frameworks";
				PRODUCT_BUNDLE_IDENTIFIER = edu.missouri.ColorsUITests;
				PRODUCT_NAME = "$(TARGET_NAME)";
				SWIFT_VERSION = 3.0;
				TEST_TARGET_NAME = Colors;
			};
			name = Release;
		};
/* End XCBuildConfiguration section */

/* Begin XCConfigurationList section */
		901F9BDC1F19A95E0092F9A2 /* Build configuration list for PBXProject "Colors" */ = {
			isa = XCConfigurationList;
			buildConfigurations = (
				901F9C0A1F19A95E0092F9A2 /* Debug */,
				901F9C0B1F19A95E0092F9A2 /* Release */,
			);
			defaultConfigurationIsVisible = 0;
			defaultConfigurationName = Release;
		};
		901F9C0C1F19A95E0092F9A2 /* Build configuration list for PBXNativeTarget "Colors" */ = {
			isa = XCConfigurationList;
			buildConfigurations = (
				901F9C0D1F19A95E0092F9A2 /* Debug */,
				901F9C0E1F19A95E0092F9A2 /* Release */,
			);
			defaultConfigurationIsVisible = 0;
		};
		901F9C0F1F19A95E0092F9A2 /* Build configuration list for PBXNativeTarget "ColorsTests" */ = {
			isa = XCConfigurationList;
			buildConfigurations = (
				901F9C101F19A95E0092F9A2 /* Debug */,
				901F9C111F19A95E0092F9A2 /* Release */,
			);
			defaultConfigurationIsVisible = 0;
		};
		901F9C121F19A95E0092F9A2 /* Build configuration list for PBXNativeTarget "ColorsUITests" */ = {
			isa = XCConfigurationList;
			buildConfigurations = (
				901F9C131F19A95E0092F9A2 /* Debug */,
				901F9C141F19A95E0092F9A2 /* Release */,
			);
			defaultConfigurationIsVisible = 0;
		};
/* End XCConfigurationList section */

/* Begin XCVersionGroup section */
		901F9BEB1F19A95E0092F9A2 /* Colors.xcdatamodeld */ = {
			isa = XCVersionGroup;
			children = (
				901F9BEC1F19A95E0092F9A2 /* Colors.xcdatamodel */,
			);
			currentVersion = 901F9BEC1F19A95E0092F9A2 /* Colors.xcdatamodel */;
			path = Colors.xcdatamodeld;
			sourceTree = "<group>";
			versionGroupType = wrapper.xcdatamodel;
		};
/* End XCVersionGroup section */
	};
	rootObject = 901F9BD91F19A95E0092F9A2 /* Project object */;
}
